
Microsoft Visual Studio Solution File, Format Version 12.00
# Visual Studio 15
VisualStudioVersion = 15.0.28307.645
MinimumVisualStudioVersion = 10.0.40219.1
Project("{FAE04EC0-301F-11D3-BF4B-00C04F79EFBC}") = "taskk_4", "taskk_4\taskk_4.csproj", "{3DB56004-D187-4E7D-A88B-E600786EFDFD}"
EndProject
Global
	GlobalSection(SolutionConfigurationPlatforms) = preSolution
		Debug|Any CPU = Debug|Any CPU
		Release|Any CPU = Release|Any CPU
	EndGlobalSection
	GlobalSection(ProjectConfigurationPlatforms) = postSolution
		{3DB56004-D187-4E7D-A88B-E600786EFDFD}.Debug|Any CPU.ActiveCfg = Debug|Any CPU
		{3DB56004-D187-4E7D-A88B-E600786EFDFD}.Debug|Any CPU.Build.0 = Debug|Any CPU
		{3DB56004-D187-4E7D-A88B-E600786EFDFD}.Release|Any CPU.ActiveCfg = Release|Any CPU
		{3DB56004-D187-4E7D-A88B-E600786EFDFD}.Release|Any CPU.Build.0 = Release|Any CPU
	EndGlobalSection
	GlobalSection(SolutionProperties) = preSolution
		HideSolutionNode = FALSE
	EndGlobalSection
	GlobalSection(ExtensibilityGlobals) = postSolution
		SolutionGuid = {6B6CE294-D1B4-4C2F-97D6-045C369EBEA0}
	EndGlobalSection
EndGlobal
